PODS:
  - camera (0.0.1):
    - Flutter
  - Flutter (1.0.0)
  - FlutterPluginRegistrant (0.0.1):
    - camera
    - Flutter

DEPENDENCIES:
  - camera (from `.symlinks/plugins/camera/ios`)
  - Flutter (from `Flutter`)
  - FlutterPluginRegistrant (from `Flutter/FlutterPluginRegistrant`)

EXTERNAL SOURCES:
  camera:
    :path: ".symlinks/plugins/camera/ios"
  Flutter:
    :path: Flutter
  FlutterPluginRegistrant:
    :path: Flutter/FlutterPluginRegistrant

SPEC CHECKSUMS:
  camera: b9eb73c055259c6f808a9da4a0d43780f6645281
  Flutter: 50d75fe2f02b26cc09d224853bb45737f8b3214a
  FlutterPluginRegistrant: 212ef873e1db16b2c168e451fb4a2ba980aab1ff

PODFILE CHECKSUM: 1a4a4c8498055b871db01a7bd3b4da2fdfe228a2

COCOAPODS: 1.10.1
